// !$*UTF8*$!
{
	archiveVersion = 1;
	classes = {
	};
	objectVersion = 50;
	objects = {

/* Begin PBXBuildFile section */
		95B53F7726FE6217006007BC /* NewsFeed.framework in Frameworks */ = {isa = PBXBuildFile; fileRef = 95B53F6D26FE6217006007BC /* NewsFeed.framework */; };
		95B53F7C26FE6217006007BC /* NewsFeedTests.swift in Sources */ = {isa = PBXBuildFile; fileRef = 95B53F7B26FE6217006007BC /* NewsFeedTests.swift */; };
		95B53F7E26FE6217006007BC /* NewsFeed.h in Headers */ = {isa = PBXBuildFile; fileRef = 95B53F7026FE6217006007BC /* NewsFeed.h */; settings = {ATTRIBUTES = (Public, ); }; };
		95B53F8826FE6632006007BC /* URLSessionHTTPClientTests.swift in Sources */ = {isa = PBXBuildFile; fileRef = 95B53F8726FE6632006007BC /* URLSessionHTTPClientTests.swift */; };
		95B53F8C26FF5535006007BC /* HTTPClient.swift in Sources */ = {isa = PBXBuildFile; fileRef = 95B53F8B26FF5535006007BC /* HTTPClient.swift */; };
		95B53F8F26FF68BD006007BC /* URLSessionHTTPClient.swift in Sources */ = {isa = PBXBuildFile; fileRef = 95B53F8E26FF68BD006007BC /* URLSessionHTTPClient.swift */; };
		95B53F9426FF6E18006007BC /* URLProtocolStub.swift in Sources */ = {isa = PBXBuildFile; fileRef = 95B53F9326FF6E18006007BC /* URLProtocolStub.swift */; };
/* End PBXBuildFile section */

/* Begin PBXContainerItemProxy section */
		95B53F7826FE6217006007BC /* PBXContainerItemProxy */ = {
			isa = PBXContainerItemProxy;
			containerPortal = 95B53F6426FE6217006007BC /* Project object */;
			proxyType = 1;
			remoteGlobalIDString = 95B53F6C26FE6217006007BC;
			remoteInfo = NewsFeed;
		};
/* End PBXContainerItemProxy section */

/* Begin PBXFileReference section */
		95B53F6D26FE6217006007BC /* NewsFeed.framework */ = {isa = PBXFileReference; explicitFileType = wrapper.framework; includeInIndex = 0; path = NewsFeed.framework; sourceTree = BUILT_PRODUCTS_DIR; };
		95B53F7026FE6217006007BC /* NewsFeed.h */ = {isa = PBXFileReference; lastKnownFileType = sourcecode.c.h; path = NewsFeed.h; sourceTree = "<group>"; };
		95B53F7126FE6217006007BC /* Info.plist */ = {isa = PBXFileReference; lastKnownFileType = text.plist.xml; path = Info.plist; sourceTree = "<group>"; };
		95B53F7626FE6217006007BC /* NewsFeedTests.xctest */ = {isa = PBXFileReference; explicitFileType = wrapper.cfbundle; includeInIndex = 0; path = NewsFeedTests.xctest; sourceTree = BUILT_PRODUCTS_DIR; };
		95B53F7B26FE6217006007BC /* NewsFeedTests.swift */ = {isa = PBXFileReference; lastKnownFileType = sourcecode.swift; path = NewsFeedTests.swift; sourceTree = "<group>"; };
		95B53F7D26FE6217006007BC /* Info.plist */ = {isa = PBXFileReference; lastKnownFileType = text.plist.xml; path = Info.plist; sourceTree = "<group>"; };
		95B53F8726FE6632006007BC /* URLSessionHTTPClientTests.swift */ = {isa = PBXFileReference; lastKnownFileType = sourcecode.swift; path = URLSessionHTTPClientTests.swift; sourceTree = "<group>"; };
		95B53F8B26FF5535006007BC /* HTTPClient.swift */ = {isa = PBXFileReference; lastKnownFileType = sourcecode.swift; path = HTTPClient.swift; sourceTree = "<group>"; };
		95B53F8E26FF68BD006007BC /* URLSessionHTTPClient.swift */ = {isa = PBXFileReference; lastKnownFileType = sourcecode.swift; path = URLSessionHTTPClient.swift; sourceTree = "<group>"; };
		95B53F9326FF6E18006007BC /* URLProtocolStub.swift */ = {isa = PBXFileReference; lastKnownFileType = sourcecode.swift; path = URLProtocolStub.swift; sourceTree = "<group>"; };
/* End PBXFileReference section */

/* Begin PBXFrameworksBuildPhase section */
		95B53F6A26FE6217006007BC /* Frameworks */ = {
			isa = PBXFrameworksBuildPhase;
			buildActionMask = 2147483647;
			files = (
			);
			runOnlyForDeploymentPostprocessing = 0;
		};
		95B53F7326FE6217006007BC /* Frameworks */ = {
			isa = PBXFrameworksBuildPhase;
			buildActionMask = 2147483647;
			files = (
				95B53F7726FE6217006007BC /* NewsFeed.framework in Frameworks */,
			);
			runOnlyForDeploymentPostprocessing = 0;
		};
/* End PBXFrameworksBuildPhase section */

/* Begin PBXGroup section */
		95B53F6326FE6217006007BC = {
			isa = PBXGroup;
			children = (
				95B53F6F26FE6217006007BC /* NewsFeed */,
				95B53F7A26FE6217006007BC /* NewsFeedTests */,
				95B53F6E26FE6217006007BC /* Products */,
			);
			sourceTree = "<group>";
		};
		95B53F6E26FE6217006007BC /* Products */ = {
			isa = PBXGroup;
			children = (
				95B53F6D26FE6217006007BC /* NewsFeed.framework */,
				95B53F7626FE6217006007BC /* NewsFeedTests.xctest */,
			);
			name = Products;
			sourceTree = "<group>";
		};
		95B53F6F26FE6217006007BC /* NewsFeed */ = {
			isa = PBXGroup;
			children = (
				95B53F9026FF6D0A006007BC /* Features */,
				95B53F8926FF5393006007BC /* Core */,
				95B53F7026FE6217006007BC /* NewsFeed.h */,
				95B53F7126FE6217006007BC /* Info.plist */,
			);
			path = NewsFeed;
			sourceTree = "<group>";
		};
		95B53F7A26FE6217006007BC /* NewsFeedTests */ = {
			isa = PBXGroup;
			children = (
				95B53F9226FF6E08006007BC /* Helpers */,
				95B53F7B26FE6217006007BC /* NewsFeedTests.swift */,
				95B53F8726FE6632006007BC /* URLSessionHTTPClientTests.swift */,
				95B53F7D26FE6217006007BC /* Info.plist */,
			);
			path = NewsFeedTests;
			sourceTree = "<group>";
		};
		95B53F8926FF5393006007BC /* Core */ = {
			isa = PBXGroup;
			children = (
				95B53F8A26FF53A1006007BC /* Remote */,
			);
			path = Core;
			sourceTree = "<group>";
		};
		95B53F8A26FF53A1006007BC /* Remote */ = {
			isa = PBXGroup;
			children = (
				95B53F8D26FF6867006007BC /* ConcreteHTTPClient */,
				95B53F8B26FF5535006007BC /* HTTPClient.swift */,
			);
			path = Remote;
			sourceTree = "<group>";
		};
		95B53F8D26FF6867006007BC /* ConcreteHTTPClient */ = {
			isa = PBXGroup;
			children = (
				95B53F8E26FF68BD006007BC /* URLSessionHTTPClient.swift */,
			);
			path = ConcreteHTTPClient;
			sourceTree = "<group>";
		};
		95B53F9026FF6D0A006007BC /* Features */ = {
			isa = PBXGroup;
			children = (
				95B53F9126FF6D13006007BC /* NewsFeed */,
			);
			path = Features;
			sourceTree = "<group>";
		};
		95B53F9126FF6D13006007BC /* NewsFeed */ = {
			isa = PBXGroup;
			children = (
			);
			path = NewsFeed;
			sourceTree = "<group>";
		};
		95B53F9226FF6E08006007BC /* Helpers */ = {
			isa = PBXGroup;
			children = (
				95B53F9326FF6E18006007BC /* URLProtocolStub.swift */,
			);
			path = Helpers;
			sourceTree = "<group>";
		};
/* End PBXGroup section */

/* Begin PBXHeadersBuildPhase section */
		95B53F6826FE6217006007BC /* Headers */ = {
			isa = PBXHeadersBuildPhase;
			buildActionMask = 2147483647;
			files = (
				95B53F7E26FE6217006007BC /* NewsFeed.h in Headers */,
			);
			runOnlyForDeploymentPostprocessing = 0;
		};
/* End PBXHeadersBuildPhase section */

/* Begin PBXNativeTarget section */
		95B53F6C26FE6217006007BC /* NewsFeed */ = {
			isa = PBXNativeTarget;
			buildConfigurationList = 95B53F8126FE6217006007BC /* Build configuration list for PBXNativeTarget "NewsFeed" */;
			buildPhases = (
				95B53F6826FE6217006007BC /* Headers */,
				95B53F6926FE6217006007BC /* Sources */,
				95B53F6A26FE6217006007BC /* Frameworks */,
				95B53F6B26FE6217006007BC /* Resources */,
			);
			buildRules = (
			);
			dependencies = (
			);
			name = NewsFeed;
			productName = NewsFeed;
			productReference = 95B53F6D26FE6217006007BC /* NewsFeed.framework */;
			productType = "com.apple.product-type.framework";
		};
		95B53F7526FE6217006007BC /* NewsFeedTests */ = {
			isa = PBXNativeTarget;
			buildConfigurationList = 95B53F8426FE6217006007BC /* Build configuration list for PBXNativeTarget "NewsFeedTests" */;
			buildPhases = (
				95B53F7226FE6217006007BC /* Sources */,
				95B53F7326FE6217006007BC /* Frameworks */,
				95B53F7426FE6217006007BC /* Resources */,
			);
			buildRules = (
			);
			dependencies = (
				95B53F7926FE6217006007BC /* PBXTargetDependency */,
			);
			name = NewsFeedTests;
			productName = NewsFeedTests;
			productReference = 95B53F7626FE6217006007BC /* NewsFeedTests.xctest */;
			productType = "com.apple.product-type.bundle.unit-test";
		};
/* End PBXNativeTarget section */

/* Begin PBXProject section */
		95B53F6426FE6217006007BC /* Project object */ = {
			isa = PBXProject;
			attributes = {
				LastSwiftUpdateCheck = 1250;
				LastUpgradeCheck = 1250;
				TargetAttributes = {
					95B53F6C26FE6217006007BC = {
						CreatedOnToolsVersion = 12.5;
						LastSwiftMigration = 1250;
					};
					95B53F7526FE6217006007BC = {
						CreatedOnToolsVersion = 12.5;
					};
				};
			};
			buildConfigurationList = 95B53F6726FE6217006007BC /* Build configuration list for PBXProject "NewsFeed" */;
			compatibilityVersion = "Xcode 9.3";
			developmentRegion = en;
			hasScannedForEncodings = 0;
			knownRegions = (
				en,
				Base,
			);
			mainGroup = 95B53F6326FE6217006007BC;
			productRefGroup = 95B53F6E26FE6217006007BC /* Products */;
			projectDirPath = "";
			projectRoot = "";
			targets = (
				95B53F6C26FE6217006007BC /* NewsFeed */,
				95B53F7526FE6217006007BC /* NewsFeedTests */,
			);
		};
/* End PBXProject section */

/* Begin PBXResourcesBuildPhase section */
		95B53F6B26FE6217006007BC /* Resources */ = {
			isa = PBXResourcesBuildPhase;
			buildActionMask = 2147483647;
			files = (
			);
			runOnlyForDeploymentPostprocessing = 0;
		};
		95B53F7426FE6217006007BC /* Resources */ = {
			isa = PBXResourcesBuildPhase;
			buildActionMask = 2147483647;
			files = (
			);
			runOnlyForDeploymentPostprocessing = 0;
		};
/* End PBXResourcesBuildPhase section */

/* Begin PBXSourcesBuildPhase section */
		95B53F6926FE6217006007BC /* Sources */ = {
			isa = PBXSourcesBuildPhase;
			buildActionMask = 2147483647;
			files = (
				95B53F8C26FF5535006007BC /* HTTPClient.swift in Sources */,
				95B53F8F26FF68BD006007BC /* URLSessionHTTPClient.swift in Sources */,
			);
			runOnlyForDeploymentPostprocessing = 0;
		};
		95B53F7226FE6217006007BC /* Sources */ = {
			isa = PBXSourcesBuildPhase;
			buildActionMask = 2147483647;
			files = (
				95B53F7C26FE6217006007BC /* NewsFeedTests.swift in Sources */,
				95B53F9426FF6E18006007BC /* URLProtocolStub.swift in Sources */,
				95B53F8826FE6632006007BC /* URLSessionHTTPClientTests.swift in Sources */,
			);
			runOnlyForDeploymentPostprocessing = 0;
		};
/* End PBXSourcesBuildPhase section */

/* Begin PBXTargetDependency section */
		95B53F7926FE6217006007BC /* PBXTargetDependency */ = {
			isa = PBXTargetDependency;
			target = 95B53F6C26FE6217006007BC /* NewsFeed */;
			targetProxy = 95B53F7826FE6217006007BC /* PBXContainerItemProxy */;
		};
/* End PBXTargetDependency section */

/* Begin XCBuildConfiguration section */
		95B53F7F26FE6217006007BC /* Debug */ = {
			isa = XCBuildConfiguration;
			buildSettings = {
				ALWAYS_SEARCH_USER_PATHS = NO;
				CLANG_ANALYZER_NONNULL = YES;
				CLANG_ANALYZER_NUMBER_OBJECT_CONVERSION = YES_AGGRESSIVE;
				CLANG_CXX_LANGUAGE_STANDARD = "gnu++14";
				CLANG_CXX_LIBRARY = "libc++";
				CLANG_ENABLE_MODULES = YES;
				CLANG_ENABLE_OBJC_ARC = YES;
				CLANG_ENABLE_OBJC_WEAK = YES;
				CLANG_WARN_BLOCK_CAPTURE_AUTORELEASING = YES;
				CLANG_WARN_BOOL_CONVERSION = YES;
				CLANG_WARN_COMMA = YES;
				CLANG_WARN_CONSTANT_CONVERSION = YES;
				CLANG_WARN_DEPRECATED_OBJC_IMPLEMENTATIONS = YES;
				CLANG_WARN_DIRECT_OBJC_ISA_USAGE = YES_ERROR;
				CLANG_WARN_DOCUMENTATION_COMMENTS = YES;
				CLANG_WARN_EMPTY_BODY = YES;
				CLANG_WARN_ENUM_CONVERSION = YES;
				CLANG_WARN_INFINITE_RECURSION = YES;
				CLANG_WARN_INT_CONVERSION = YES;
				CLANG_WARN_NON_LITERAL_NULL_CONVERSION = YES;
				CLANG_WARN_OBJC_IMPLICIT_RETAIN_SELF = YES;
				CLANG_WARN_OBJC_LITERAL_CONVERSION = YES;
				CLANG_WARN_OBJC_ROOT_CLASS = YES_ERROR;
				CLANG_WARN_QUOTED_INCLUDE_IN_FRAMEWORK_HEADER = YES;
				CLANG_WARN_RANGE_LOOP_ANALYSIS = YES;
				CLANG_WARN_STRICT_PROTOTYPES = YES;
				CLANG_WARN_SUSPICIOUS_MOVE = YES;
				CLANG_WARN_UNGUARDED_AVAILABILITY = YES_AGGRESSIVE;
				CLANG_WARN_UNREACHABLE_CODE = YES;
				CLANG_WARN__DUPLICATE_METHOD_MATCH = YES;
				COPY_PHASE_STRIP = NO;
				CURRENT_PROJECT_VERSION = 1;
				DEBUG_INFORMATION_FORMAT = dwarf;
				ENABLE_STRICT_OBJC_MSGSEND = YES;
				ENABLE_TESTABILITY = YES;
				GCC_C_LANGUAGE_STANDARD = gnu11;
				GCC_DYNAMIC_NO_PIC = NO;
				GCC_NO_COMMON_BLOCKS = YES;
				GCC_OPTIMIZATION_LEVEL = 0;
				GCC_PREPROCESSOR_DEFINITIONS = (
					"DEBUG=1",
					"$(inherited)",
				);
				GCC_WARN_64_TO_32_BIT_CONVERSION = YES;
				GCC_WARN_ABOUT_RETURN_TYPE = YES_ERROR;
				GCC_WARN_UNDECLARED_SELECTOR = YES;
				GCC_WARN_UNINITIALIZED_AUTOS = YES_AGGRESSIVE;
				GCC_WARN_UNUSED_FUNCTION = YES;
				GCC_WARN_UNUSED_VARIABLE = YES;
				MACOSX_DEPLOYMENT_TARGET = 11.1;
				MTL_ENABLE_DEBUG_INFO = INCLUDE_SOURCE;
				MTL_FAST_MATH = YES;
				ONLY_ACTIVE_ARCH = YES;
				SDKROOT = macosx;
				SWIFT_ACTIVE_COMPILATION_CONDITIONS = DEBUG;
				SWIFT_OPTIMIZATION_LEVEL = "-Onone";
				VERSIONING_SYSTEM = "apple-generic";
				VERSION_INFO_PREFIX = "";
			};
			name = Debug;
		};
		95B53F8026FE6217006007BC /* Release */ = {
			isa = XCBuildConfiguration;
			buildSettings = {
				ALWAYS_SEARCH_USER_PATHS = NO;
				CLANG_ANALYZER_NONNULL = YES;
				CLANG_ANALYZER_NUMBER_OBJECT_CONVERSION = YES_AGGRESSIVE;
				CLANG_CXX_LANGUAGE_STANDARD = "gnu++14";
				CLANG_CXX_LIBRARY = "libc++";
				CLANG_ENABLE_MODULES = YES;
				CLANG_ENABLE_OBJC_ARC = YES;
				CLANG_ENABLE_OBJC_WEAK = YES;
				CLANG_WARN_BLOCK_CAPTURE_AUTORELEASING = YES;
				CLANG_WARN_BOOL_CONVERSION = YES;
				CLANG_WARN_COMMA = YES;
				CLANG_WARN_CONSTANT_CONVERSION = YES;
				CLANG_WARN_DEPRECATED_OBJC_IMPLEMENTATIONS = YES;
				CLANG_WARN_DIRECT_OBJC_ISA_USAGE = YES_ERROR;
				CLANG_WARN_DOCUMENTATION_COMMENTS = YES;
				CLANG_WARN_EMPTY_BODY = YES;
				CLANG_WARN_ENUM_CONVERSION = YES;
				CLANG_WARN_INFINITE_RECURSION = YES;
				CLANG_WARN_INT_CONVERSION = YES;
				CLANG_WARN_NON_LITERAL_NULL_CONVERSION = YES;
				CLANG_WARN_OBJC_IMPLICIT_RETAIN_SELF = YES;
				CLANG_WARN_OBJC_LITERAL_CONVERSION = YES;
				CLANG_WARN_OBJC_ROOT_CLASS = YES_ERROR;
				CLANG_WARN_QUOTED_INCLUDE_IN_FRAMEWORK_HEADER = YES;
				CLANG_WARN_RANGE_LOOP_ANALYSIS = YES;
				CLANG_WARN_STRICT_PROTOTYPES = YES;
				CLANG_WARN_SUSPICIOUS_MOVE = YES;
				CLANG_WARN_UNGUARDED_AVAILABILITY = YES_AGGRESSIVE;
				CLANG_WARN_UNREACHABLE_CODE = YES;
				CLANG_WARN__DUPLICATE_METHOD_MATCH = YES;
				COPY_PHASE_STRIP = NO;
				CURRENT_PROJECT_VERSION = 1;
				DEBUG_INFORMATION_FORMAT = "dwarf-with-dsym";
				ENABLE_NS_ASSERTIONS = NO;
				ENABLE_STRICT_OBJC_MSGSEND = YES;
				GCC_C_LANGUAGE_STANDARD = gnu11;
				GCC_NO_COMMON_BLOCKS = YES;
				GCC_WARN_64_TO_32_BIT_CONVERSION = YES;
				GCC_WARN_ABOUT_RETURN_TYPE = YES_ERROR;
				GCC_WARN_UNDECLARED_SELECTOR = YES;
				GCC_WARN_UNINITIALIZED_AUTOS = YES_AGGRESSIVE;
				GCC_WARN_UNUSED_FUNCTION = YES;
				GCC_WARN_UNUSED_VARIABLE = YES;
				MACOSX_DEPLOYMENT_TARGET = 11.1;
				MTL_ENABLE_DEBUG_INFO = NO;
				MTL_FAST_MATH = YES;
				SDKROOT = macosx;
				SWIFT_COMPILATION_MODE = wholemodule;
				SWIFT_OPTIMIZATION_LEVEL = "-O";
				VERSIONING_SYSTEM = "apple-generic";
				VERSION_INFO_PREFIX = "";
			};
			name = Release;
		};
		95B53F8226FE6217006007BC /* Debug */ = {
			isa = XCBuildConfiguration;
			buildSettings = {
				CLANG_ENABLE_MODULES = YES;
				CODE_SIGN_STYLE = Automatic;
				COMBINE_HIDPI_IMAGES = YES;
				DEFINES_MODULE = YES;
				DEVELOPMENT_TEAM = 8AJ2M89GNU;
				DYLIB_COMPATIBILITY_VERSION = 1;
				DYLIB_CURRENT_VERSION = 1;
				DYLIB_INSTALL_NAME_BASE = "@rpath";
				INFOPLIST_FILE = NewsFeed/Info.plist;
				INSTALL_PATH = "$(LOCAL_LIBRARY_DIR)/Frameworks";
				LD_RUNPATH_SEARCH_PATHS = (
					"$(inherited)",
					"@executable_path/../Frameworks",
					"@loader_path/Frameworks",
				);
				PRODUCT_BUNDLE_IDENTIFIER = com.bozaina.NewsFeed;
				PRODUCT_NAME = "$(TARGET_NAME:c99extidentifier)";
				SKIP_INSTALL = YES;
				SWIFT_OPTIMIZATION_LEVEL = "-Onone";
				SWIFT_VERSION = 5.0;
			};
			name = Debug;
		};
		95B53F8326FE6217006007BC /* Release */ = {
			isa = XCBuildConfiguration;
			buildSettings = {
				CLANG_ENABLE_MODULES = YES;
				CODE_SIGN_STYLE = Automatic;
				COMBINE_HIDPI_IMAGES = YES;
				DEFINES_MODULE = YES;
				DEVELOPMENT_TEAM = 8AJ2M89GNU;
				DYLIB_COMPATIBILITY_VERSION = 1;
				DYLIB_CURRENT_VERSION = 1;
				DYLIB_INSTALL_NAME_BASE = "@rpath";
				INFOPLIST_FILE = NewsFeed/Info.plist;
				INSTALL_PATH = "$(LOCAL_LIBRARY_DIR)/Frameworks";
				LD_RUNPATH_SEARCH_PATHS = (
					"$(inherited)",
					"@executable_path/../Frameworks",
					"@loader_path/Frameworks",
				);
				PRODUCT_BUNDLE_IDENTIFIER = com.bozaina.NewsFeed;
				PRODUCT_NAME = "$(TARGET_NAME:c99extidentifier)";
				SKIP_INSTALL = YES;
				SWIFT_VERSION = 5.0;
			};
			name = Release;
		};
		95B53F8526FE6217006007BC /* Debug */ = {
			isa = XCBuildConfiguration;
			buildSettings = {
				ALWAYS_EMBED_SWIFT_STANDARD_LIBRARIES = YES;
				CODE_SIGN_STYLE = Automatic;
				COMBINE_HIDPI_IMAGES = YES;
				DEVELOPMENT_TEAM = 8AJ2M89GNU;
				INFOPLIST_FILE = NewsFeedTests/Info.plist;
				LD_RUNPATH_SEARCH_PATHS = (
					"$(inherited)",
					"@executable_path/../Frameworks",
					"@loader_path/../Frameworks",
				);
				PRODUCT_BUNDLE_IDENTIFIER = com.bozaina.NewsFeedTests;
				PRODUCT_NAME = "$(TARGET_NAME)";
				SWIFT_VERSION = 5.0;
			};
			name = Debug;
		};
		95B53F8626FE6217006007BC /* Release */ = {
			isa = XCBuildConfiguration;
			buildSettings = {
				ALWAYS_EMBED_SWIFT_STANDARD_LIBRARIES = YES;
				CODE_SIGN_STYLE = Automatic;
				COMBINE_HIDPI_IMAGES = YES;
				DEVELOPMENT_TEAM = 8AJ2M89GNU;
				INFOPLIST_FILE = NewsFeedTests/Info.plist;
				LD_RUNPATH_SEARCH_PATHS = (
					"$(inherited)",
					"@executable_path/../Frameworks",
					"@loader_path/../Frameworks",
				);
				PRODUCT_BUNDLE_IDENTIFIER = com.bozaina.NewsFeedTests;
				PRODUCT_NAME = "$(TARGET_NAME)";
				SWIFT_VERSION = 5.0;
			};
			name = Release;
		};
/* End XCBuildConfiguration section */

/* Begin XCConfigurationList section */
		95B53F6726FE6217006007BC /* Build configuration list for PBXProject "NewsFeed" */ = {
			isa = XCConfigurationList;
			buildConfigurations = (
				95B53F7F26FE6217006007BC /* Debug */,
				95B53F8026FE6217006007BC /* Release */,
			);
			defaultConfigurationIsVisible = 0;
			defaultConfigurationName = Release;
		};
		95B53F8126FE6217006007BC /* Build configuration list for PBXNativeTarget "NewsFeed" */ = {
			isa = XCConfigurationList;
			buildConfigurations = (
				95B53F8226FE6217006007BC /* Debug */,
				95B53F8326FE6217006007BC /* Release */,
			);
			defaultConfigurationIsVisible = 0;
			defaultConfigurationName = Release;
		};
		95B53F8426FE6217006007BC /* Build configuration list for PBXNativeTarget "NewsFeedTests" */ = {
			isa = XCConfigurationList;
			buildConfigurations = (
				95B53F8526FE6217006007BC /* Debug */,
				95B53F8626FE6217006007BC /* Release */,
			);
			defaultConfigurationIsVisible = 0;
			defaultConfigurationName = Release;
		};
/* End XCConfigurationList section */
	};
	rootObject = 95B53F6426FE6217006007BC /* Project object */;
}
